
Microsoft Visual Studio Solution File, Format Version 12.00
# Visual Studio Version 17
VisualStudioVersion = 17.0.31903.59
MinimumVisualStudioVersion = 10.0.40219.1
Project("{FAE04EC0-301F-11D3-BF4B-00C04F79EFBC}") = "GOKCafe.API", "GOKCafe.API\GOKCafe.API.csproj", "{B4510837-EDB7-47DD-853D-6BED519A4A0D}"
EndProject
Project("{FAE04EC0-301F-11D3-BF4B-00C04F79EFBC}") = "GOKCafe.Domain", "GOKCafe.Domain\GOKCafe.Domain.csproj", "{1893A819-EC00-4CCF-A1FA-A443F8EFE55E}"
EndProject
Project("{FAE04EC0-301F-11D3-BF4B-00C04F79EFBC}") = "GOKCafe.Infrastructure", "GOKCafe.Infrastructure\GOKCafe.Infrastructure.csproj", "{B721EC53-18AB-4E88-9867-E56E9FBD0B16}"
EndProject
Project("{FAE04EC0-301F-11D3-BF4B-00C04F79EFBC}") = "GOKCafe.Application", "GOKCafe.Application\GOKCafe.Application.csproj", "{9DAF653B-6081-4EF9-A2A1-7E0CB4B2D9E5}"
EndProject
Project("{FAE04EC0-301F-11D3-BF4B-00C04F79EFBC}") = "GOKCafe.Tests.Unit", "GOKCafe.Tests.Unit\GOKCafe.Tests.Unit.csproj", "{757B6E3B-66CB-4C3B-B8EC-5A52A55FEDC6}"
EndProject
Project("{FAE04EC0-301F-11D3-BF4B-00C04F79EFBC}") = "GOKCafe.Tests.Integration", "GOKCafe.Tests.Integration\GOKCafe.Tests.Integration.csproj", "{4D3D5482-0EBE-42E1-B119-8DD92166A64D}"
EndProject
Project("{FAE04EC0-301F-11D3-BF4B-00C04F79EFBC}") = "GOKCafe.Web", "GOKCafe.Web\GOKCafe.Web.csproj", "{3D96247E-534A-474C-B66B-834043598F33}"
EndProject
Project("{FAE04EC0-301F-11D3-BF4B-00C04F79EFBC}") = "GOKCafe.Commerce.Package", "GOKCafe.Commerce.Package\GOKCafe.Commerce.Package.csproj", "{4B17F60A-4BC0-4D11-96B1-68B7D5C92ACF}"
EndProject
Global
	GlobalSection(SolutionConfigurationPlatforms) = preSolution
		Debug|Any CPU = Debug|Any CPU
		Debug|x64 = Debug|x64
		Debug|x86 = Debug|x86
		Release|Any CPU = Release|Any CPU
		Release|x64 = Release|x64
		Release|x86 = Release|x86
	EndGlobalSection
	GlobalSection(ProjectConfigurationPlatforms) = postSolution
		{B4510837-EDB7-47DD-853D-6BED519A4A0D}.Debug|Any CPU.ActiveCfg = Debug|Any CPU
		{B4510837-EDB7-47DD-853D-6BED519A4A0D}.Debug|Any CPU.Build.0 = Debug|Any CPU
		{B4510837-EDB7-47DD-853D-6BED519A4A0D}.Debug|x64.ActiveCfg = Debug|Any CPU
		{B4510837-EDB7-47DD-853D-6BED519A4A0D}.Debug|x64.Build.0 = Debug|Any CPU
		{B4510837-EDB7-47DD-853D-6BED519A4A0D}.Debug|x86.ActiveCfg = Debug|Any CPU
		{B4510837-EDB7-47DD-853D-6BED519A4A0D}.Debug|x86.Build.0 = Debug|Any CPU
		{B4510837-EDB7-47DD-853D-6BED519A4A0D}.Release|Any CPU.ActiveCfg = Release|Any CPU
		{B4510837-EDB7-47DD-853D-6BED519A4A0D}.Release|Any CPU.Build.0 = Release|Any CPU
		{B4510837-EDB7-47DD-853D-6BED519A4A0D}.Release|x64.ActiveCfg = Release|Any CPU
		{B4510837-EDB7-47DD-853D-6BED519A4A0D}.Release|x64.Build.0 = Release|Any CPU
		{B4510837-EDB7-47DD-853D-6BED519A4A0D}.Release|x86.ActiveCfg = Release|Any CPU
		{B4510837-EDB7-47DD-853D-6BED519A4A0D}.Release|x86.Build.0 = Release|Any CPU
		{1893A819-EC00-4CCF-A1FA-A443F8EFE55E}.Debug|Any CPU.ActiveCfg = Debug|Any CPU
		{1893A819-EC00-4CCF-A1FA-A443F8EFE55E}.Debug|Any CPU.Build.0 = Debug|Any CPU
		{1893A819-EC00-4CCF-A1FA-A443F8EFE55E}.Debug|x64.ActiveCfg = Debug|Any CPU
		{1893A819-EC00-4CCF-A1FA-A443F8EFE55E}.Debug|x64.Build.0 = Debug|Any CPU
		{1893A819-EC00-4CCF-A1FA-A443F8EFE55E}.Debug|x86.ActiveCfg = Debug|Any CPU
		{1893A819-EC00-4CCF-A1FA-A443F8EFE55E}.Debug|x86.Build.0 = Debug|Any CPU
		{1893A819-EC00-4CCF-A1FA-A443F8EFE55E}.Release|Any CPU.ActiveCfg = Release|Any CPU
		{1893A819-EC00-4CCF-A1FA-A443F8EFE55E}.Release|Any CPU.Build.0 = Release|Any CPU
		{1893A819-EC00-4CCF-A1FA-A443F8EFE55E}.Release|x64.ActiveCfg = Release|Any CPU
		{1893A819-EC00-4CCF-A1FA-A443F8EFE55E}.Release|x64.Build.0 = Release|Any CPU
		{1893A819-EC00-4CCF-A1FA-A443F8EFE55E}.Release|x86.ActiveCfg = Release|Any CPU
		{1893A819-EC00-4CCF-A1FA-A443F8EFE55E}.Release|x86.Build.0 = Release|Any CPU
		{B721EC53-18AB-4E88-9867-E56E9FBD0B16}.Debug|Any CPU.ActiveCfg = Debug|Any CPU
		{B721EC53-18AB-4E88-9867-E56E9FBD0B16}.Debug|Any CPU.Build.0 = Debug|Any CPU
		{B721EC53-18AB-4E88-9867-E56E9FBD0B16}.Debug|x64.ActiveCfg = Debug|Any CPU
		{B721EC53-18AB-4E88-9867-E56E9FBD0B16}.Debug|x64.Build.0 = Debug|Any CPU
		{B721EC53-18AB-4E88-9867-E56E9FBD0B16}.Debug|x86.ActiveCfg = Debug|Any CPU
		{B721EC53-18AB-4E88-9867-E56E9FBD0B16}.Debug|x86.Build.0 = Debug|Any CPU
		{B721EC53-18AB-4E88-9867-E56E9FBD0B16}.Release|Any CPU.ActiveCfg = Release|Any CPU
		{B721EC53-18AB-4E88-9867-E56E9FBD0B16}.Release|Any CPU.Build.0 = Release|Any CPU
		{B721EC53-18AB-4E88-9867-E56E9FBD0B16}.Release|x64.ActiveCfg = Release|Any CPU
		{B721EC53-18AB-4E88-9867-E56E9FBD0B16}.Release|x64.Build.0 = Release|Any CPU
		{B721EC53-18AB-4E88-9867-E56E9FBD0B16}.Release|x86.ActiveCfg = Release|Any CPU
		{B721EC53-18AB-4E88-9867-E56E9FBD0B16}.Release|x86.Build.0 = Release|Any CPU
		{9DAF653B-6081-4EF9-A2A1-7E0CB4B2D9E5}.Debug|Any CPU.ActiveCfg = Debug|Any CPU
		{9DAF653B-6081-4EF9-A2A1-7E0CB4B2D9E5}.Debug|Any CPU.Build.0 = Debug|Any CPU
		{9DAF653B-6081-4EF9-A2A1-7E0CB4B2D9E5}.Debug|x64.ActiveCfg = Debug|Any CPU
		{9DAF653B-6081-4EF9-A2A1-7E0CB4B2D9E5}.Debug|x64.Build.0 = Debug|Any CPU
		{9DAF653B-6081-4EF9-A2A1-7E0CB4B2D9E5}.Debug|x86.ActiveCfg = Debug|Any CPU
		{9DAF653B-6081-4EF9-A2A1-7E0CB4B2D9E5}.Debug|x86.Build.0 = Debug|Any CPU
		{9DAF653B-6081-4EF9-A2A1-7E0CB4B2D9E5}.Release|Any CPU.ActiveCfg = Release|Any CPU
		{9DAF653B-6081-4EF9-A2A1-7E0CB4B2D9E5}.Release|Any CPU.Build.0 = Release|Any CPU
		{9DAF653B-6081-4EF9-A2A1-7E0CB4B2D9E5}.Release|x64.ActiveCfg = Release|Any CPU
		{9DAF653B-6081-4EF9-A2A1-7E0CB4B2D9E5}.Release|x64.Build.0 = Release|Any CPU
		{9DAF653B-6081-4EF9-A2A1-7E0CB4B2D9E5}.Release|x86.ActiveCfg = Release|Any CPU
		{9DAF653B-6081-4EF9-A2A1-7E0CB4B2D9E5}.Release|x86.Build.0 = Release|Any CPU
		{757B6E3B-66CB-4C3B-B8EC-5A52A55FEDC6}.Debug|Any CPU.ActiveCfg = Debug|Any CPU
		{757B6E3B-66CB-4C3B-B8EC-5A52A55FEDC6}.Debug|Any CPU.Build.0 = Debug|Any CPU
		{757B6E3B-66CB-4C3B-B8EC-5A52A55FEDC6}.Debug|x64.ActiveCfg = Debug|Any CPU
		{757B6E3B-66CB-4C3B-B8EC-5A52A55FEDC6}.Debug|x64.Build.0 = Debug|Any CPU
		{757B6E3B-66CB-4C3B-B8EC-5A52A55FEDC6}.Debug|x86.ActiveCfg = Debug|Any CPU
		{757B6E3B-66CB-4C3B-B8EC-5A52A55FEDC6}.Debug|x86.Build.0 = Debug|Any CPU
		{757B6E3B-66CB-4C3B-B8EC-5A52A55FEDC6}.Release|Any CPU.ActiveCfg = Release|Any CPU
		{757B6E3B-66CB-4C3B-B8EC-5A52A55FEDC6}.Release|Any CPU.Build.0 = Release|Any CPU
		{757B6E3B-66CB-4C3B-B8EC-5A52A55FEDC6}.Release|x64.ActiveCfg = Release|Any CPU
		{757B6E3B-66CB-4C3B-B8EC-5A52A55FEDC6}.Release|x64.Build.0 = Release|Any CPU
		{757B6E3B-66CB-4C3B-B8EC-5A52A55FEDC6}.Release|x86.ActiveCfg = Release|Any CPU
		{757B6E3B-66CB-4C3B-B8EC-5A52A55FEDC6}.Release|x86.Build.0 = Release|Any CPU
		{4D3D5482-0EBE-42E1-B119-8DD92166A64D}.Debug|Any CPU.ActiveCfg = Debug|Any CPU
		{4D3D5482-0EBE-42E1-B119-8DD92166A64D}.Debug|Any CPU.Build.0 = Debug|Any CPU
		{4D3D5482-0EBE-42E1-B119-8DD92166A64D}.Debug|x64.ActiveCfg = Debug|Any CPU
		{4D3D5482-0EBE-42E1-B119-8DD92166A64D}.Debug|x64.Build.0 = Debug|Any CPU
		{4D3D5482-0EBE-42E1-B119-8DD92166A64D}.Debug|x86.ActiveCfg = Debug|Any CPU
		{4D3D5482-0EBE-42E1-B119-8DD92166A64D}.Debug|x86.Build.0 = Debug|Any CPU
		{4D3D5482-0EBE-42E1-B119-8DD92166A64D}.Release|Any CPU.ActiveCfg = Release|Any CPU
		{4D3D5482-0EBE-42E1-B119-8DD92166A64D}.Release|Any CPU.Build.0 = Release|Any CPU
		{4D3D5482-0EBE-42E1-B119-8DD92166A64D}.Release|x64.ActiveCfg = Release|Any CPU
		{4D3D5482-0EBE-42E1-B119-8DD92166A64D}.Release|x64.Build.0 = Release|Any CPU
		{4D3D5482-0EBE-42E1-B119-8DD92166A64D}.Release|x86.ActiveCfg = Release|Any CPU
		{4D3D5482-0EBE-42E1-B119-8DD92166A64D}.Release|x86.Build.0 = Release|Any CPU
		{3D96247E-534A-474C-B66B-834043598F33}.Debug|Any CPU.ActiveCfg = Debug|Any CPU
		{3D96247E-534A-474C-B66B-834043598F33}.Debug|Any CPU.Build.0 = Debug|Any CPU
		{3D96247E-534A-474C-B66B-834043598F33}.Debug|x64.ActiveCfg = Debug|Any CPU
		{3D96247E-534A-474C-B66B-834043598F33}.Debug|x64.Build.0 = Debug|Any CPU
		{3D96247E-534A-474C-B66B-834043598F33}.Debug|x86.ActiveCfg = Debug|Any CPU
		{3D96247E-534A-474C-B66B-834043598F33}.Debug|x86.Build.0 = Debug|Any CPU
		{3D96247E-534A-474C-B66B-834043598F33}.Release|Any CPU.ActiveCfg = Release|Any CPU
		{3D96247E-534A-474C-B66B-834043598F33}.Release|Any CPU.Build.0 = Release|Any CPU
		{3D96247E-534A-474C-B66B-834043598F33}.Release|x64.ActiveCfg = Release|Any CPU
		{3D96247E-534A-474C-B66B-834043598F33}.Release|x64.Build.0 = Release|Any CPU
		{3D96247E-534A-474C-B66B-834043598F33}.Release|x86.ActiveCfg = Release|Any CPU
		{3D96247E-534A-474C-B66B-834043598F33}.Release|x86.Build.0 = Release|Any CPU
		{4B17F60A-4BC0-4D11-96B1-68B7D5C92ACF}.Debug|Any CPU.ActiveCfg = Debug|Any CPU
		{4B17F60A-4BC0-4D11-96B1-68B7D5C92ACF}.Debug|Any CPU.Build.0 = Debug|Any CPU
		{4B17F60A-4BC0-4D11-96B1-68B7D5C92ACF}.Debug|x64.ActiveCfg = Debug|Any CPU
		{4B17F60A-4BC0-4D11-96B1-68B7D5C92ACF}.Debug|x64.Build.0 = Debug|Any CPU
		{4B17F60A-4BC0-4D11-96B1-68B7D5C92ACF}.Debug|x86.ActiveCfg = Debug|Any CPU
		{4B17F60A-4BC0-4D11-96B1-68B7D5C92ACF}.Debug|x86.Build.0 = Debug|Any CPU
		{4B17F60A-4BC0-4D11-96B1-68B7D5C92ACF}.Release|Any CPU.ActiveCfg = Release|Any CPU
		{4B17F60A-4BC0-4D11-96B1-68B7D5C92ACF}.Release|Any CPU.Build.0 = Release|Any CPU
		{4B17F60A-4BC0-4D11-96B1-68B7D5C92ACF}.Release|x64.ActiveCfg = Release|Any CPU
		{4B17F60A-4BC0-4D11-96B1-68B7D5C92ACF}.Release|x64.Build.0 = Release|Any CPU
		{4B17F60A-4BC0-4D11-96B1-68B7D5C92ACF}.Release|x86.ActiveCfg = Release|Any CPU
		{4B17F60A-4BC0-4D11-96B1-68B7D5C92ACF}.Release|x86.Build.0 = Release|Any CPU
	EndGlobalSection
	GlobalSection(SolutionProperties) = preSolution
		HideSolutionNode = FALSE
	EndGlobalSection
EndGlobal
